{
  "name": "stencil-aggrid",
  "version": "0.0.1",
  "lockfileVersion": 1,
  "requires": true,
  "dependencies": {
    "@ag-grid-community/all-modules": {
      "version": "23.2.0",
      "resolved": "https://registry.npmjs.org/@ag-grid-community/all-modules/-/all-modules-23.2.0.tgz",
      "integrity": "sha512-ORzsq4dIC6fOf2ZHvSXs/pT7inJ7qBa8unKbGJPEJMv68SLBKdLb+R+LyKGeG9BhB4Zk+ULu5rQoV4t2o8AGBQ==",
      "requires": {
        "@ag-grid-community/client-side-row-model": "~23.2.0",
        "@ag-grid-community/core": "~23.2.0",
        "@ag-grid-community/csv-export": "~23.2.0",
        "@ag-grid-community/infinite-row-model": "~23.2.0"
      }
    },
    "@ag-grid-community/client-side-row-model": {
      "version": "23.2.0",
      "resolved": "https://registry.npmjs.org/@ag-grid-community/client-side-row-model/-/client-side-row-model-23.2.0.tgz",
      "integrity": "sha512-tDwcITJ/I0kG3oLRLhZ8s0zwdtxEoXMmNEIGnMDayhbVuYw69vowc3627v0nA1ConicdEYx2DVmc0y2hH0xpoQ==",
      "requires": {
        "@ag-grid-community/core": "~23.2.0"
      }
    },
    "@ag-grid-community/core": {
      "version": "23.2.0",
      "resolved": "https://registry.npmjs.org/@ag-grid-community/core/-/core-23.2.0.tgz",
      "integrity": "sha512-k5Oqu6RvJEBgJV/MEWv8IS2/ME4DGOSgJdaUDVCFe0xfxnwM978ClZnyttX19ou4ONYzVdzLqDeN4PqTThuAoQ=="
    },
    "@ag-grid-community/csv-export": {
      "version": "23.2.0",
      "resolved": "https://registry.npmjs.org/@ag-grid-community/csv-export/-/csv-export-23.2.0.tgz",
      "integrity": "sha512-aFBPs1ZUT5Yu6xtaObcadXWMSt8HZwo7HLS54zeyBV1HBSbLb745j1GUsT+dBYJ+aeL1E5MJfj4N91ZkqtwU/w==",
      "requires": {
        "@ag-grid-community/core": "~23.2.0"
      }
    },
    "@ag-grid-community/infinite-row-model": {
      "version": "23.2.0",
      "resolved": "https://registry.npmjs.org/@ag-grid-community/infinite-row-model/-/infinite-row-model-23.2.0.tgz",
      "integrity": "sha512-2hbl5w39fY0iv/w1548WLYE6L5489llCl1ZNuN4fZvxhsXRtYU1bahVtk9Tyem+Kki4xsIue2okzqi/blNpLIQ==",
      "requires": {
        "@ag-grid-community/core": "~23.2.0"
      }
    },
    "@ag-grid-enterprise/all-modules": {
      "version": "23.2.0",
      "resolved": "https://registry.npmjs.org/@ag-grid-enterprise/all-modules/-/all-modules-23.2.0.tgz",
      "integrity": "sha512-2WRQH/7yIMsyKgFk+dufRzSh3C02x83ZjhYoAe6FebNco8SIWNsoCyMLIbPWEg1xLYLee22UleY++TFbuK5HNA==",
      "requires": {
        "@ag-grid-community/all-modules": "~23.2.0",
        "@ag-grid-enterprise/charts": "~23.2.0",
        "@ag-grid-enterprise/clipboard": "~23.2.0",
        "@ag-grid-enterprise/column-tool-panel": "~23.2.0",
        "@ag-grid-enterprise/core": "~23.2.0",
        "@ag-grid-enterprise/date-time-cell-editor": "~23.2.0",
        "@ag-grid-enterprise/excel-export": "~23.2.0",
        "@ag-grid-enterprise/filter-tool-panel": "~23.2.0",
        "@ag-grid-enterprise/master-detail": "~23.2.0",
        "@ag-grid-enterprise/menu": "~23.2.0",
        "@ag-grid-enterprise/range-selection": "~23.2.0",
        "@ag-grid-enterprise/rich-select": "~23.2.0",
        "@ag-grid-enterprise/row-grouping": "~23.2.0",
        "@ag-grid-enterprise/server-side-row-model": "~23.2.0",
        "@ag-grid-enterprise/set-filter": "~23.2.0",
        "@ag-grid-enterprise/side-bar": "~23.2.0",
        "@ag-grid-enterprise/status-bar": "~23.2.0",
        "@ag-grid-enterprise/viewport-row-model": "~23.2.0"
      }
    },
    "@ag-grid-enterprise/charts": {
      "version": "23.2.0",
      "resolved": "https://registry.npmjs.org/@ag-grid-enterprise/charts/-/charts-23.2.0.tgz",
      "integrity": "sha512-IXZFc+nfxjyD4wqoC5p5+0ojYVsluYvZ50HiW3mFVL8X8a4swsT204eGO0friTY/ZVqkTHMTwBDphrdvWbgUrw==",
      "requires": {
        "@ag-grid-community/core": "~23.2.0",
        "@ag-grid-enterprise/core": "~23.2.0",
        "@ag-grid-enterprise/range-selection": "~23.2.0",
        "ag-charts-community": "~1.2.0"
      }
    },
    "@ag-grid-enterprise/clipboard": {
      "version": "23.2.0",
      "resolved": "https://registry.npmjs.org/@ag-grid-enterprise/clipboard/-/clipboard-23.2.0.tgz",
      "integrity": "sha512-Q9vz240HQsOetgFD73D+PpMbGLVmJ0BNZjsYT64mEAgInl1dBE9GmHpAOgVtRzlz1fllbsJRIFMhBzXTweQk1w==",
      "requires": {
        "@ag-grid-community/core": "~23.2.0",
        "@ag-grid-community/csv-export": "~23.2.0",
        "@ag-grid-enterprise/core": "~23.2.0"
      }
    },
    "@ag-grid-enterprise/column-tool-panel": {
      "version": "23.2.0",
      "resolved": "https://registry.npmjs.org/@ag-grid-enterprise/column-tool-panel/-/column-tool-panel-23.2.0.tgz",
      "integrity": "sha512-HY2uSRnqm22RLvBAQBxxMLCJpEHtOMuCsTkCPguncJ9tS1/YrJGiNKGFuBP1IHRrkQDsGaAgq/seeVE9upcOlw==",
      "requires": {
        "@ag-grid-community/core": "~23.2.0",
        "@ag-grid-enterprise/core": "~23.2.0",
        "@ag-grid-enterprise/row-grouping": "~23.2.0",
        "@ag-grid-enterprise/side-bar": "~23.2.0"
      }
    },
    "@ag-grid-enterprise/core": {
      "version": "23.2.0",
      "resolved": "https://registry.npmjs.org/@ag-grid-enterprise/core/-/core-23.2.0.tgz",
      "integrity": "sha512-mF2GDgsocCG6b06MEvmkFEAVjqaBlF3x1sJznM2j9JaUn5fDtisE6T5VlV5ME3XDrZuJfjeTqWMyfHNKr9bHIQ==",
      "requires": {
        "@ag-grid-community/core": "~23.2.0"
      }
    },
    "@ag-grid-enterprise/date-time-cell-editor": {
      "version": "23.2.0",
      "resolved": "https://registry.npmjs.org/@ag-grid-enterprise/date-time-cell-editor/-/date-time-cell-editor-23.2.0.tgz",
      "integrity": "sha512-l7I8r58gQowW3WIhZHdk2yzNE7F7l40IlP+4cRTYgSgAWxHsAcNR9A62xkbfWP3IwuWRmYjGEQDDJKL148rQgA==",
      "requires": {
        "@ag-grid-community/core": "~23.2.0",
        "@ag-grid-enterprise/core": "~23.2.0"
      }
    },
    "@ag-grid-enterprise/excel-export": {
      "version": "23.2.0",
      "resolved": "https://registry.npmjs.org/@ag-grid-enterprise/excel-export/-/excel-export-23.2.0.tgz",
      "integrity": "sha512-VRP2rM78w+e9qbQf7qQEz07LJCFDgykt4M89TpMCrGslg2uIZ8zVH84kEOOh9HooqbYcYt6dePs4tDCi9qGguQ==",
      "requires": {
        "@ag-grid-community/core": "~23.2.0",
        "@ag-grid-community/csv-export": "~23.2.0",
        "@ag-grid-enterprise/core": "~23.2.0"
      }
    },
    "@ag-grid-enterprise/filter-tool-panel": {
      "version": "23.2.0",
      "resolved": "https://registry.npmjs.org/@ag-grid-enterprise/filter-tool-panel/-/filter-tool-panel-23.2.0.tgz",
      "integrity": "sha512-PTG/4lBHNSwjhnJ7ydUMKK810ZaYu2OyvMllDvf1OxElbRbpDr0nRyxarS6rw4/cJedpP3KSw0LVPML4uQkTPw==",
      "requires": {
        "@ag-grid-community/core": "~23.2.0",
        "@ag-grid-enterprise/core": "~23.2.0",
        "@ag-grid-enterprise/side-bar": "~23.2.0"
      }
    },
    "@ag-grid-enterprise/master-detail": {
      "version": "23.2.0",
      "resolved": "https://registry.npmjs.org/@ag-grid-enterprise/master-detail/-/master-detail-23.2.0.tgz",
      "integrity": "sha512-MtZdfuTgjKQepYwmpSTNeGvoSGjITWmGhgzw0bW9DAuIxskI0ZivtDxNe+we7QDIv2uG6fHZj37Sx4h31SN5cQ==",
      "requires": {
        "@ag-grid-community/core": "~23.2.0",
        "@ag-grid-enterprise/core": "~23.2.0"
      }
    },
    "@ag-grid-enterprise/menu": {
      "version": "23.2.0",
      "resolved": "https://registry.npmjs.org/@ag-grid-enterprise/menu/-/menu-23.2.0.tgz",
      "integrity": "sha512-Jhl1t3Gsfu107/xOhGnU77PGKeEEM3t4j6YVsVEitAJ4BlPxf4dmVb/2qtfJqWCW8mhE5csBthMEA0r0Y5qLsg==",
      "requires": {
        "@ag-grid-community/core": "~23.2.0",
        "@ag-grid-enterprise/column-tool-panel": "~23.2.0",
        "@ag-grid-enterprise/core": "~23.2.0"
      }
    },
    "@ag-grid-enterprise/range-selection": {
      "version": "23.2.0",
      "resolved": "https://registry.npmjs.org/@ag-grid-enterprise/range-selection/-/range-selection-23.2.0.tgz",
      "integrity": "sha512-MKXzlCu4a3uttjk3cgrAAQoofb89RUrmuFeUQUzQOHjHE1vjL73SXo6pZ9W1VFOkQpTWjHzA2BO4Ayx1wAAxbw==",
      "requires": {
        "@ag-grid-community/core": "~23.2.0",
        "@ag-grid-enterprise/core": "~23.2.0"
      }
    },
    "@ag-grid-enterprise/rich-select": {
      "version": "23.2.0",
      "resolved": "https://registry.npmjs.org/@ag-grid-enterprise/rich-select/-/rich-select-23.2.0.tgz",
      "integrity": "sha512-UBsmvfEuoyaX/yph1QUSWBYeTBHzWINDB+PfpHBbu2Y7jGaNTfelVG3RcLA420PKXq/5PuOxwGyWO/S7KeiRwg==",
      "requires": {
        "@ag-grid-community/core": "~23.2.0",
        "@ag-grid-enterprise/core": "~23.2.0"
      }
    },
    "@ag-grid-enterprise/row-grouping": {
      "version": "23.2.0",
      "resolved": "https://registry.npmjs.org/@ag-grid-enterprise/row-grouping/-/row-grouping-23.2.0.tgz",
      "integrity": "sha512-5D03CdZyB0uKwNdeVNARubPjGNTh6dl5Y2+g4mRoZhuCKFxrnLjDZrn0IpIT5COCDxEgbHYMqkUzidnO0up9YA==",
      "requires": {
        "@ag-grid-community/core": "~23.2.0",
        "@ag-grid-enterprise/core": "~23.2.0"
      }
    },
    "@ag-grid-enterprise/server-side-row-model": {
      "version": "23.2.0",
      "resolved": "https://registry.npmjs.org/@ag-grid-enterprise/server-side-row-model/-/server-side-row-model-23.2.0.tgz",
      "integrity": "sha512-4s/jWB0cpojLYwEj2CLnWig1SfxlpHo+cEPFgnVCV1kRl4GeluXjB9ejN9qF5WO2ZWNanZA7X0LnGoBM6uHDFg==",
      "requires": {
        "@ag-grid-community/core": "~23.2.0",
        "@ag-grid-enterprise/core": "~23.2.0"
      }
    },
    "@ag-grid-enterprise/set-filter": {
      "version": "23.2.0",
      "resolved": "https://registry.npmjs.org/@ag-grid-enterprise/set-filter/-/set-filter-23.2.0.tgz",
      "integrity": "sha512-rwZ/PZr+q15lmEN8edq7mFXvHT4rDotCvnC4hKmuElf3rAUL6Nu/beX2R3xXmrt/hiE1D+Yg+U3w33F9eedKWw==",
      "requires": {
        "@ag-grid-community/core": "~23.2.0",
        "@ag-grid-enterprise/core": "~23.2.0"
      }
    },
    "@ag-grid-enterprise/side-bar": {
      "version": "23.2.0",
      "resolved": "https://registry.npmjs.org/@ag-grid-enterprise/side-bar/-/side-bar-23.2.0.tgz",
      "integrity": "sha512-U3g2VvvtxNbveE/72FklrnXOwcVnA6ph6f3m9lHu/btrxQ/tk2KcuC3I4SKostPvRMX/6z9AUXP8TalV75TyoA==",
      "requires": {
        "@ag-grid-community/core": "~23.2.0",
        "@ag-grid-enterprise/core": "~23.2.0"
      }
    },
    "@ag-grid-enterprise/status-bar": {
      "version": "23.2.0",
      "resolved": "https://registry.npmjs.org/@ag-grid-enterprise/status-bar/-/status-bar-23.2.0.tgz",
      "integrity": "sha512-BhkXaSjFwFrxHCJ45dJ6wWSev/rMsAU98Mf0NhbfGpHxMhiAqYBbmsKsthu6xeO6YNNW2YIGRUBG82lcbnXPCg==",
      "requires": {
        "@ag-grid-community/core": "~23.2.0",
        "@ag-grid-enterprise/core": "~23.2.0"
      }
    },
    "@ag-grid-enterprise/viewport-row-model": {
      "version": "23.2.0",
      "resolved": "https://registry.npmjs.org/@ag-grid-enterprise/viewport-row-model/-/viewport-row-model-23.2.0.tgz",
      "integrity": "sha512-/QttwDbwKQjGQrHSHXWXDzHKk83sqewuTfz4LN1MAHNkI/W7/OmA2jQGWJVKs9wD5wDL8LS4OEF6BHeKLMsuMg==",
      "requires": {
        "@ag-grid-community/core": "~23.2.0",
        "@ag-grid-enterprise/core": "~23.2.0"
      }
    },
    "@stencil/core": {
      "version": "1.13.0",
      "resolved": "https://registry.npmjs.org/@stencil/core/-/core-1.13.0.tgz",
      "integrity": "sha512-++kIXaEgmwm/vq+9QAVHPuLLddCKVdJyI8OfHxknkpu5udxZMYA/vaN/K9i+2NIiTLbGpvHNk9E+RyYzKxS0XQ==",
      "requires": {
        "typescript": "3.8.3"
      }
    },
    "@stencil/router": {
      "version": "1.0.1",
      "resolved": "https://registry.npmjs.org/@stencil/router/-/router-1.0.1.tgz",
      "integrity": "sha512-ZMholl1BE+glNAc/8pcEb9RYkeH0XETxsJbx6D7f3azTmaTXqKYty1IACP/3BtVjuimpfLdxQJ+J95wKmnYBtA==",
      "requires": {
        "@stencil/state-tunnel": "^1.0.1"
      }
    },
    "@stencil/sass": {
      "version": "1.3.1",
      "resolved": "https://registry.npmjs.org/@stencil/sass/-/sass-1.3.1.tgz",
      "integrity": "sha512-5qsEyhLGTywpG4zlWv6eBhhj/z2Z37nbUGa87Ak0KqfsEiclJCYRA/AMM9FiN1jHfBvr968G4zE8rNlYmiPLsQ=="
    },
    "@stencil/state-tunnel": {
      "version": "1.0.1",
      "resolved": "https://registry.npmjs.org/@stencil/state-tunnel/-/state-tunnel-1.0.1.tgz",
      "integrity": "sha512-DYG8uROgL9hkjVTCtCfRBb0d3FwpiFB0muRrNZQ2X1Qo5hxMuNNji76/ILddqeq0AfgkKCW82xrMPDpy+rNIhQ=="
    },
    "ag-charts-community": {
      "version": "1.2.0",
      "resolved": "https://registry.npmjs.org/ag-charts-community/-/ag-charts-community-1.2.0.tgz",
      "integrity": "sha512-XMpZ4AE0H7Z84T98Pm8UWMFmdikJIle+3cRfbYsybMGUsx5dtW3WPV4vT17hxLQvrV2kf/si9edVENG1LEcz6A=="
    },
    "typescript": {
      "version": "3.8.3",
      "resolved": "https://registry.npmjs.org/typescript/-/typescript-3.8.3.tgz",
      "integrity": "sha512-MYlEfn5VrLNsgudQTVJeNaQFUAI7DkhnOjdpAp4T+ku1TfQClewlbSuTVHiA+8skNBgaf02TL/kLOvig4y3G8w=="
    }
  }
}
